<Solution>
  <Project Path="AccountingService/Accounting API.csproj" />
  <Project Path="APIGateway/API Gateway.csproj" />
  <Project Path="AuthDb/AuthDb.csproj" Id="39dd309f-e37a-4474-b6ac-d90a718a5352" />
  <Project Path="AuthService/Auth API.csproj" Id="cae66c09-d65c-4874-8923-8229faf94fbc" />
  <Project Path="NotificationDb/NotificationDb.csproj" Id="1be1cd11-765e-4386-b574-e6cfdafbeb01" />
  <Project Path="NotificationService/Notification API.csproj" />
  <Project Path="PasswordDb/PasswordDb.csproj" />
  <Project Path="PasswordService/Password API.csproj" />
  <Project Path="SharedModels/SharedModels.csproj" />
  <Project Path="SubscribeDb/SubscribeDb.csproj" Id="8406a250-e443-4245-b147-186695bb32c5" />
  <Project Path="SubscribeService/Subscribe API.csproj" />
  <Project Path="TaskDb/TaskDb.csproj" Id="15818afa-2978-4cdf-b6c2-2c75ec1a5ac4" />
  <Project Path="TaskService/Task API.csproj" />
  <Project Path="UserDb/UserDb.csproj" />
  <Project Path="UserService/User API.csproj" />
</Solution>
