<Solution>
  <Project Path="Accounting-API/Accounting API.csproj" />
  <Project Path="Api-Gateway/API Gateway.csproj" />
  <Project Path="Notification-API/Notification API.csproj" />
  <Project Path="Password-Service/Password API.csproj" />
  <Project Path="PasswordDb/PasswordDb.csproj" />
  <Project Path="SharedModels/SharedModels.csproj" />
  <Project Path="Subscribe-API/Subscribe API.csproj" />
  <Project Path="Task-API/Task API.csproj" />
  <Project Path="User-Service/User API.csproj" />
  <Project Path="UserDb/UserDb.csproj" />
</Solution>
